# This file is automatically @generated by Cargo.
# It is not intended for manual editing.
version = 3

[[package]]
name = "learning"
version = "0.1.0"

[[package]]
name = "rand"
version = "0.1.0"

[[package]]
name = "video1-sampling"
version = "0.1.0"
dependencies = [
 "rand",
]

[[package]]
name = "video2-montecarlo"
version = "0.1.0"
dependencies = [
 "rand",
 "video1-sampling",
]

[[package]]
name = "video3-russian-roulette"
version = "0.1.0"
dependencies = [
 "rand",
 "video1-sampling",
]
